
Microsoft Visual Studio Solution File, Format Version 12.00
# Visual Studio Version 17
VisualStudioVersion = 17.2.32616.157
MinimumVisualStudioVersion = 10.0.40219.1
Project("{FAE04EC0-301F-11D3-BF4B-00C04F79EFBC}") = "ReflectionMoodAnalyser", "ReflectionMoodAnalyser\ReflectionMoodAnalyser.csproj", "{F394429F-B427-448B-B49A-3236E4B6CA6B}"
EndProject
Project("{FAE04EC0-301F-11D3-BF4B-00C04F79EFBC}") = "TestProject1", "TestProject1\TestProject1.csproj", "{A7E2C5D5-A3F4-4D9E-9AA2-09181E7864B6}"
EndProject
Global
	GlobalSection(SolutionConfigurationPlatforms) = preSolution
		Debug|Any CPU = Debug|Any CPU
		Release|Any CPU = Release|Any CPU
	EndGlobalSection
	GlobalSection(ProjectConfigurationPlatforms) = postSolution
		{F394429F-B427-448B-B49A-3236E4B6CA6B}.Debug|Any CPU.ActiveCfg = Debug|Any CPU
		{F394429F-B427-448B-B49A-3236E4B6CA6B}.Debug|Any CPU.Build.0 = Debug|Any CPU
		{F394429F-B427-448B-B49A-3236E4B6CA6B}.Release|Any CPU.ActiveCfg = Release|Any CPU
		{F394429F-B427-448B-B49A-3236E4B6CA6B}.Release|Any CPU.Build.0 = Release|Any CPU
		{A7E2C5D5-A3F4-4D9E-9AA2-09181E7864B6}.Debug|Any CPU.ActiveCfg = Debug|Any CPU
		{A7E2C5D5-A3F4-4D9E-9AA2-09181E7864B6}.Debug|Any CPU.Build.0 = Debug|Any CPU
		{A7E2C5D5-A3F4-4D9E-9AA2-09181E7864B6}.Release|Any CPU.ActiveCfg = Release|Any CPU
		{A7E2C5D5-A3F4-4D9E-9AA2-09181E7864B6}.Release|Any CPU.Build.0 = Release|Any CPU
	EndGlobalSection
	GlobalSection(SolutionProperties) = preSolution
		HideSolutionNode = FALSE
	EndGlobalSection
	GlobalSection(ExtensibilityGlobals) = postSolution
		SolutionGuid = {2F049BB0-DE4E-4808-BE55-EC8FE2F78C24}
	EndGlobalSection
EndGlobal
